
Microsoft Visual Studio Solution File, Format Version 12.00
# Visual Studio Version 17
VisualStudioVersion = 17.0.31903.59
MinimumVisualStudioVersion = 10.0.40219.1
Project("{2150E333-8FDC-42A3-9474-1A3956D46DE8}") = "src", "src", "{827E0CD3-B72D-47B6-A68D-7590B98EB39B}"
EndProject
Project("{2150E333-8FDC-42A3-9474-1A3956D46DE8}") = "Services", "Services", "{984BB9B3-3FA3-BE33-9484-CAC21695A33C}"
EndProject
Project("{2150E333-8FDC-42A3-9474-1A3956D46DE8}") = "Identity", "Identity", "{1BFC9479-12BF-35C3-06B8-42D89D95092B}"
EndProject
Project("{FAE04EC0-301F-11D3-BF4B-00C04F79EFBC}") = "Identity.API", "src\Services\Identity\Identity.API\Identity.API.csproj", "{47E0FA0A-3708-44FE-A3A8-14149887D517}"
EndProject
Project("{FAE04EC0-301F-11D3-BF4B-00C04F79EFBC}") = "Identity.Application", "src\Services\Identity\Identity.Application\Identity.Application.csproj", "{A4C190C9-C11B-4325-A4CE-915EDB2A15A8}"
EndProject
Project("{FAE04EC0-301F-11D3-BF4B-00C04F79EFBC}") = "Identity.Domain", "src\Services\Identity\Identity.Domain\Identity.Domain.csproj", "{1E218584-9D2A-4921-ABCE-C32E0915651C}"
EndProject
Project("{FAE04EC0-301F-11D3-BF4B-00C04F79EFBC}") = "Identity.Infrastructure", "src\Services\Identity\Identity.Infrastructure\Identity.Infrastructure.csproj", "{6DA93C14-24BD-4846-B2C5-BA9A3288C39E}"
EndProject
Project("{2150E333-8FDC-42A3-9474-1A3956D46DE8}") = "User", "User", "{6792783D-ADFB-1DC9-8301-92642CD8F804}"
EndProject
Project("{FAE04EC0-301F-11D3-BF4B-00C04F79EFBC}") = "User.Domain", "src\Services\User\User.Domain\User.Domain.csproj", "{C6029813-6E2D-40CC-A650-4C452FE45FF5}"
EndProject
Project("{FAE04EC0-301F-11D3-BF4B-00C04F79EFBC}") = "User.API", "src\Services\User\User.API\User.API.csproj", "{3BDB36E2-7E7B-414F-A113-C98331B7C460}"
EndProject
Project("{FAE04EC0-301F-11D3-BF4B-00C04F79EFBC}") = "User.Application", "src\Services\User\User.Application\User.Application.csproj", "{9C08F4C9-6813-4482-B689-75D37590FE48}"
EndProject
Project("{FAE04EC0-301F-11D3-BF4B-00C04F79EFBC}") = "User.Infrastructure", "src\Services\User\User.Infrastructure\User.Infrastructure.csproj", "{85BF0205-3743-4F04-94F6-834D76137F8A}"
EndProject
Project("{2150E333-8FDC-42A3-9474-1A3956D46DE8}") = "Post", "Post", "{6C25882A-59EB-B3A1-C586-057E1BC4945C}"
EndProject
Project("{FAE04EC0-301F-11D3-BF4B-00C04F79EFBC}") = "Post.Domain", "src\Services\Post\Post.Domain\Post.Domain.csproj", "{42B01F0F-1367-40EE-B191-EA827E354162}"
EndProject
Project("{FAE04EC0-301F-11D3-BF4B-00C04F79EFBC}") = "Post.Application", "src\Services\Post\Post.Application\Post.Application.csproj", "{5904C378-B0A4-487D-AB39-F8FB839F20E6}"
EndProject
Project("{FAE04EC0-301F-11D3-BF4B-00C04F79EFBC}") = "Post.Infrastructure", "src\Services\Post\Post.Infrastructure\Post.Infrastructure.csproj", "{26D894F6-8518-4D88-923B-2F6390E2CD68}"
EndProject
Project("{FAE04EC0-301F-11D3-BF4B-00C04F79EFBC}") = "Post.API", "src\Services\Post\Post.API\Post.API.csproj", "{6B6861FD-F94A-4A5E-925D-DA868A9FE489}"
EndProject
Project("{2150E333-8FDC-42A3-9474-1A3956D46DE8}") = "Friend", "Friend", "{45C3E46E-D928-C0EB-EF77-2FF82DC4AC0B}"
EndProject
Project("{FAE04EC0-301F-11D3-BF4B-00C04F79EFBC}") = "Friend.API", "src\Services\Friend\Friend.API\Friend.API.csproj", "{F538FFDA-B36A-4B5E-B97A-7F6CE9626061}"
EndProject
Project("{FAE04EC0-301F-11D3-BF4B-00C04F79EFBC}") = "Friend.Application", "src\Services\Friend\Friend.Application\Friend.Application.csproj", "{40321F7B-A1A4-448E-87BB-0F79AF724843}"
EndProject
Project("{FAE04EC0-301F-11D3-BF4B-00C04F79EFBC}") = "Friend.Domain", "src\Services\Friend\Friend.Domain\Friend.Domain.csproj", "{77C0FAFB-183C-4F0B-87E4-8F5D311C42ED}"
EndProject
Project("{FAE04EC0-301F-11D3-BF4B-00C04F79EFBC}") = "Friend.Infrastructure", "src\Services\Friend\Friend.Infrastructure\Friend.Infrastructure.csproj", "{E4B07F0F-3DA0-430D-94C4-02F057B19604}"
EndProject
Global
	GlobalSection(SolutionConfigurationPlatforms) = preSolution
		Debug|Any CPU = Debug|Any CPU
		Debug|x64 = Debug|x64
		Debug|x86 = Debug|x86
		Release|Any CPU = Release|Any CPU
		Release|x64 = Release|x64
		Release|x86 = Release|x86
	EndGlobalSection
	GlobalSection(ProjectConfigurationPlatforms) = postSolution
		{47E0FA0A-3708-44FE-A3A8-14149887D517}.Debug|Any CPU.ActiveCfg = Debug|Any CPU
		{47E0FA0A-3708-44FE-A3A8-14149887D517}.Debug|Any CPU.Build.0 = Debug|Any CPU
		{47E0FA0A-3708-44FE-A3A8-14149887D517}.Debug|x64.ActiveCfg = Debug|Any CPU
		{47E0FA0A-3708-44FE-A3A8-14149887D517}.Debug|x64.Build.0 = Debug|Any CPU
		{47E0FA0A-3708-44FE-A3A8-14149887D517}.Debug|x86.ActiveCfg = Debug|Any CPU
		{47E0FA0A-3708-44FE-A3A8-14149887D517}.Debug|x86.Build.0 = Debug|Any CPU
		{47E0FA0A-3708-44FE-A3A8-14149887D517}.Release|Any CPU.ActiveCfg = Release|Any CPU
		{47E0FA0A-3708-44FE-A3A8-14149887D517}.Release|Any CPU.Build.0 = Release|Any CPU
		{47E0FA0A-3708-44FE-A3A8-14149887D517}.Release|x64.ActiveCfg = Release|Any CPU
		{47E0FA0A-3708-44FE-A3A8-14149887D517}.Release|x64.Build.0 = Release|Any CPU
		{47E0FA0A-3708-44FE-A3A8-14149887D517}.Release|x86.ActiveCfg = Release|Any CPU
		{47E0FA0A-3708-44FE-A3A8-14149887D517}.Release|x86.Build.0 = Release|Any CPU
		{A4C190C9-C11B-4325-A4CE-915EDB2A15A8}.Debug|Any CPU.ActiveCfg = Debug|Any CPU
		{A4C190C9-C11B-4325-A4CE-915EDB2A15A8}.Debug|Any CPU.Build.0 = Debug|Any CPU
		{A4C190C9-C11B-4325-A4CE-915EDB2A15A8}.Debug|x64.ActiveCfg = Debug|Any CPU
		{A4C190C9-C11B-4325-A4CE-915EDB2A15A8}.Debug|x64.Build.0 = Debug|Any CPU
		{A4C190C9-C11B-4325-A4CE-915EDB2A15A8}.Debug|x86.ActiveCfg = Debug|Any CPU
		{A4C190C9-C11B-4325-A4CE-915EDB2A15A8}.Debug|x86.Build.0 = Debug|Any CPU
		{A4C190C9-C11B-4325-A4CE-915EDB2A15A8}.Release|Any CPU.ActiveCfg = Release|Any CPU
		{A4C190C9-C11B-4325-A4CE-915EDB2A15A8}.Release|Any CPU.Build.0 = Release|Any CPU
		{A4C190C9-C11B-4325-A4CE-915EDB2A15A8}.Release|x64.ActiveCfg = Release|Any CPU
		{A4C190C9-C11B-4325-A4CE-915EDB2A15A8}.Release|x64.Build.0 = Release|Any CPU
		{A4C190C9-C11B-4325-A4CE-915EDB2A15A8}.Release|x86.ActiveCfg = Release|Any CPU
		{A4C190C9-C11B-4325-A4CE-915EDB2A15A8}.Release|x86.Build.0 = Release|Any CPU
		{1E218584-9D2A-4921-ABCE-C32E0915651C}.Debug|Any CPU.ActiveCfg = Debug|Any CPU
		{1E218584-9D2A-4921-ABCE-C32E0915651C}.Debug|Any CPU.Build.0 = Debug|Any CPU
		{1E218584-9D2A-4921-ABCE-C32E0915651C}.Debug|x64.ActiveCfg = Debug|Any CPU
		{1E218584-9D2A-4921-ABCE-C32E0915651C}.Debug|x64.Build.0 = Debug|Any CPU
		{1E218584-9D2A-4921-ABCE-C32E0915651C}.Debug|x86.ActiveCfg = Debug|Any CPU
		{1E218584-9D2A-4921-ABCE-C32E0915651C}.Debug|x86.Build.0 = Debug|Any CPU
		{1E218584-9D2A-4921-ABCE-C32E0915651C}.Release|Any CPU.ActiveCfg = Release|Any CPU
		{1E218584-9D2A-4921-ABCE-C32E0915651C}.Release|Any CPU.Build.0 = Release|Any CPU
		{1E218584-9D2A-4921-ABCE-C32E0915651C}.Release|x64.ActiveCfg = Release|Any CPU
		{1E218584-9D2A-4921-ABCE-C32E0915651C}.Release|x64.Build.0 = Release|Any CPU
		{1E218584-9D2A-4921-ABCE-C32E0915651C}.Release|x86.ActiveCfg = Release|Any CPU
		{1E218584-9D2A-4921-ABCE-C32E0915651C}.Release|x86.Build.0 = Release|Any CPU
		{6DA93C14-24BD-4846-B2C5-BA9A3288C39E}.Debug|Any CPU.ActiveCfg = Debug|Any CPU
		{6DA93C14-24BD-4846-B2C5-BA9A3288C39E}.Debug|Any CPU.Build.0 = Debug|Any CPU
		{6DA93C14-24BD-4846-B2C5-BA9A3288C39E}.Debug|x64.ActiveCfg = Debug|Any CPU
		{6DA93C14-24BD-4846-B2C5-BA9A3288C39E}.Debug|x64.Build.0 = Debug|Any CPU
		{6DA93C14-24BD-4846-B2C5-BA9A3288C39E}.Debug|x86.ActiveCfg = Debug|Any CPU
		{6DA93C14-24BD-4846-B2C5-BA9A3288C39E}.Debug|x86.Build.0 = Debug|Any CPU
		{6DA93C14-24BD-4846-B2C5-BA9A3288C39E}.Release|Any CPU.ActiveCfg = Release|Any CPU
		{6DA93C14-24BD-4846-B2C5-BA9A3288C39E}.Release|Any CPU.Build.0 = Release|Any CPU
		{6DA93C14-24BD-4846-B2C5-BA9A3288C39E}.Release|x64.ActiveCfg = Release|Any CPU
		{6DA93C14-24BD-4846-B2C5-BA9A3288C39E}.Release|x64.Build.0 = Release|Any CPU
		{6DA93C14-24BD-4846-B2C5-BA9A3288C39E}.Release|x86.ActiveCfg = Release|Any CPU
		{6DA93C14-24BD-4846-B2C5-BA9A3288C39E}.Release|x86.Build.0 = Release|Any CPU
		{C6029813-6E2D-40CC-A650-4C452FE45FF5}.Debug|Any CPU.ActiveCfg = Debug|Any CPU
		{C6029813-6E2D-40CC-A650-4C452FE45FF5}.Debug|Any CPU.Build.0 = Debug|Any CPU
		{C6029813-6E2D-40CC-A650-4C452FE45FF5}.Debug|x64.ActiveCfg = Debug|Any CPU
		{C6029813-6E2D-40CC-A650-4C452FE45FF5}.Debug|x64.Build.0 = Debug|Any CPU
		{C6029813-6E2D-40CC-A650-4C452FE45FF5}.Debug|x86.ActiveCfg = Debug|Any CPU
		{C6029813-6E2D-40CC-A650-4C452FE45FF5}.Debug|x86.Build.0 = Debug|Any CPU
		{C6029813-6E2D-40CC-A650-4C452FE45FF5}.Release|Any CPU.ActiveCfg = Release|Any CPU
		{C6029813-6E2D-40CC-A650-4C452FE45FF5}.Release|Any CPU.Build.0 = Release|Any CPU
		{C6029813-6E2D-40CC-A650-4C452FE45FF5}.Release|x64.ActiveCfg = Release|Any CPU
		{C6029813-6E2D-40CC-A650-4C452FE45FF5}.Release|x64.Build.0 = Release|Any CPU
		{C6029813-6E2D-40CC-A650-4C452FE45FF5}.Release|x86.ActiveCfg = Release|Any CPU
		{C6029813-6E2D-40CC-A650-4C452FE45FF5}.Release|x86.Build.0 = Release|Any CPU
		{3BDB36E2-7E7B-414F-A113-C98331B7C460}.Debug|Any CPU.ActiveCfg = Debug|Any CPU
		{3BDB36E2-7E7B-414F-A113-C98331B7C460}.Debug|Any CPU.Build.0 = Debug|Any CPU
		{3BDB36E2-7E7B-414F-A113-C98331B7C460}.Debug|x64.ActiveCfg = Debug|Any CPU
		{3BDB36E2-7E7B-414F-A113-C98331B7C460}.Debug|x64.Build.0 = Debug|Any CPU
		{3BDB36E2-7E7B-414F-A113-C98331B7C460}.Debug|x86.ActiveCfg = Debug|Any CPU
		{3BDB36E2-7E7B-414F-A113-C98331B7C460}.Debug|x86.Build.0 = Debug|Any CPU
		{3BDB36E2-7E7B-414F-A113-C98331B7C460}.Release|Any CPU.ActiveCfg = Release|Any CPU
		{3BDB36E2-7E7B-414F-A113-C98331B7C460}.Release|Any CPU.Build.0 = Release|Any CPU
		{3BDB36E2-7E7B-414F-A113-C98331B7C460}.Release|x64.ActiveCfg = Release|Any CPU
		{3BDB36E2-7E7B-414F-A113-C98331B7C460}.Release|x64.Build.0 = Release|Any CPU
		{3BDB36E2-7E7B-414F-A113-C98331B7C460}.Release|x86.ActiveCfg = Release|Any CPU
		{3BDB36E2-7E7B-414F-A113-C98331B7C460}.Release|x86.Build.0 = Release|Any CPU
		{9C08F4C9-6813-4482-B689-75D37590FE48}.Debug|Any CPU.ActiveCfg = Debug|Any CPU
		{9C08F4C9-6813-4482-B689-75D37590FE48}.Debug|Any CPU.Build.0 = Debug|Any CPU
		{9C08F4C9-6813-4482-B689-75D37590FE48}.Debug|x64.ActiveCfg = Debug|Any CPU
		{9C08F4C9-6813-4482-B689-75D37590FE48}.Debug|x64.Build.0 = Debug|Any CPU
		{9C08F4C9-6813-4482-B689-75D37590FE48}.Debug|x86.ActiveCfg = Debug|Any CPU
		{9C08F4C9-6813-4482-B689-75D37590FE48}.Debug|x86.Build.0 = Debug|Any CPU
		{9C08F4C9-6813-4482-B689-75D37590FE48}.Release|Any CPU.ActiveCfg = Release|Any CPU
		{9C08F4C9-6813-4482-B689-75D37590FE48}.Release|Any CPU.Build.0 = Release|Any CPU
		{9C08F4C9-6813-4482-B689-75D37590FE48}.Release|x64.ActiveCfg = Release|Any CPU
		{9C08F4C9-6813-4482-B689-75D37590FE48}.Release|x64.Build.0 = Release|Any CPU
		{9C08F4C9-6813-4482-B689-75D37590FE48}.Release|x86.ActiveCfg = Release|Any CPU
		{9C08F4C9-6813-4482-B689-75D37590FE48}.Release|x86.Build.0 = Release|Any CPU
		{85BF0205-3743-4F04-94F6-834D76137F8A}.Debug|Any CPU.ActiveCfg = Debug|Any CPU
		{85BF0205-3743-4F04-94F6-834D76137F8A}.Debug|Any CPU.Build.0 = Debug|Any CPU
		{85BF0205-3743-4F04-94F6-834D76137F8A}.Debug|x64.ActiveCfg = Debug|Any CPU
		{85BF0205-3743-4F04-94F6-834D76137F8A}.Debug|x64.Build.0 = Debug|Any CPU
		{85BF0205-3743-4F04-94F6-834D76137F8A}.Debug|x86.ActiveCfg = Debug|Any CPU
		{85BF0205-3743-4F04-94F6-834D76137F8A}.Debug|x86.Build.0 = Debug|Any CPU
		{85BF0205-3743-4F04-94F6-834D76137F8A}.Release|Any CPU.ActiveCfg = Release|Any CPU
		{85BF0205-3743-4F04-94F6-834D76137F8A}.Release|Any CPU.Build.0 = Release|Any CPU
		{85BF0205-3743-4F04-94F6-834D76137F8A}.Release|x64.ActiveCfg = Release|Any CPU
		{85BF0205-3743-4F04-94F6-834D76137F8A}.Release|x64.Build.0 = Release|Any CPU
		{85BF0205-3743-4F04-94F6-834D76137F8A}.Release|x86.ActiveCfg = Release|Any CPU
		{85BF0205-3743-4F04-94F6-834D76137F8A}.Release|x86.Build.0 = Release|Any CPU
		{42B01F0F-1367-40EE-B191-EA827E354162}.Debug|Any CPU.ActiveCfg = Debug|Any CPU
		{42B01F0F-1367-40EE-B191-EA827E354162}.Debug|Any CPU.Build.0 = Debug|Any CPU
		{42B01F0F-1367-40EE-B191-EA827E354162}.Debug|x64.ActiveCfg = Debug|Any CPU
		{42B01F0F-1367-40EE-B191-EA827E354162}.Debug|x64.Build.0 = Debug|Any CPU
		{42B01F0F-1367-40EE-B191-EA827E354162}.Debug|x86.ActiveCfg = Debug|Any CPU
		{42B01F0F-1367-40EE-B191-EA827E354162}.Debug|x86.Build.0 = Debug|Any CPU
		{42B01F0F-1367-40EE-B191-EA827E354162}.Release|Any CPU.ActiveCfg = Release|Any CPU
		{42B01F0F-1367-40EE-B191-EA827E354162}.Release|Any CPU.Build.0 = Release|Any CPU
		{42B01F0F-1367-40EE-B191-EA827E354162}.Release|x64.ActiveCfg = Release|Any CPU
		{42B01F0F-1367-40EE-B191-EA827E354162}.Release|x64.Build.0 = Release|Any CPU
		{42B01F0F-1367-40EE-B191-EA827E354162}.Release|x86.ActiveCfg = Release|Any CPU
		{42B01F0F-1367-40EE-B191-EA827E354162}.Release|x86.Build.0 = Release|Any CPU
		{5904C378-B0A4-487D-AB39-F8FB839F20E6}.Debug|Any CPU.ActiveCfg = Debug|Any CPU
		{5904C378-B0A4-487D-AB39-F8FB839F20E6}.Debug|Any CPU.Build.0 = Debug|Any CPU
		{5904C378-B0A4-487D-AB39-F8FB839F20E6}.Debug|x64.ActiveCfg = Debug|Any CPU
		{5904C378-B0A4-487D-AB39-F8FB839F20E6}.Debug|x64.Build.0 = Debug|Any CPU
		{5904C378-B0A4-487D-AB39-F8FB839F20E6}.Debug|x86.ActiveCfg = Debug|Any CPU
		{5904C378-B0A4-487D-AB39-F8FB839F20E6}.Debug|x86.Build.0 = Debug|Any CPU
		{5904C378-B0A4-487D-AB39-F8FB839F20E6}.Release|Any CPU.ActiveCfg = Release|Any CPU
		{5904C378-B0A4-487D-AB39-F8FB839F20E6}.Release|Any CPU.Build.0 = Release|Any CPU
		{5904C378-B0A4-487D-AB39-F8FB839F20E6}.Release|x64.ActiveCfg = Release|Any CPU
		{5904C378-B0A4-487D-AB39-F8FB839F20E6}.Release|x64.Build.0 = Release|Any CPU
		{5904C378-B0A4-487D-AB39-F8FB839F20E6}.Release|x86.ActiveCfg = Release|Any CPU
		{5904C378-B0A4-487D-AB39-F8FB839F20E6}.Release|x86.Build.0 = Release|Any CPU
		{26D894F6-8518-4D88-923B-2F6390E2CD68}.Debug|Any CPU.ActiveCfg = Debug|Any CPU
		{26D894F6-8518-4D88-923B-2F6390E2CD68}.Debug|Any CPU.Build.0 = Debug|Any CPU
		{26D894F6-8518-4D88-923B-2F6390E2CD68}.Debug|x64.ActiveCfg = Debug|Any CPU
		{26D894F6-8518-4D88-923B-2F6390E2CD68}.Debug|x64.Build.0 = Debug|Any CPU
		{26D894F6-8518-4D88-923B-2F6390E2CD68}.Debug|x86.ActiveCfg = Debug|Any CPU
		{26D894F6-8518-4D88-923B-2F6390E2CD68}.Debug|x86.Build.0 = Debug|Any CPU
		{26D894F6-8518-4D88-923B-2F6390E2CD68}.Release|Any CPU.ActiveCfg = Release|Any CPU
		{26D894F6-8518-4D88-923B-2F6390E2CD68}.Release|Any CPU.Build.0 = Release|Any CPU
		{26D894F6-8518-4D88-923B-2F6390E2CD68}.Release|x64.ActiveCfg = Release|Any CPU
		{26D894F6-8518-4D88-923B-2F6390E2CD68}.Release|x64.Build.0 = Release|Any CPU
		{26D894F6-8518-4D88-923B-2F6390E2CD68}.Release|x86.ActiveCfg = Release|Any CPU
		{26D894F6-8518-4D88-923B-2F6390E2CD68}.Release|x86.Build.0 = Release|Any CPU
		{6B6861FD-F94A-4A5E-925D-DA868A9FE489}.Debug|Any CPU.ActiveCfg = Debug|Any CPU
		{6B6861FD-F94A-4A5E-925D-DA868A9FE489}.Debug|Any CPU.Build.0 = Debug|Any CPU
		{6B6861FD-F94A-4A5E-925D-DA868A9FE489}.Debug|x64.ActiveCfg = Debug|Any CPU
		{6B6861FD-F94A-4A5E-925D-DA868A9FE489}.Debug|x64.Build.0 = Debug|Any CPU
		{6B6861FD-F94A-4A5E-925D-DA868A9FE489}.Debug|x86.ActiveCfg = Debug|Any CPU
		{6B6861FD-F94A-4A5E-925D-DA868A9FE489}.Debug|x86.Build.0 = Debug|Any CPU
		{6B6861FD-F94A-4A5E-925D-DA868A9FE489}.Release|Any CPU.ActiveCfg = Release|Any CPU
		{6B6861FD-F94A-4A5E-925D-DA868A9FE489}.Release|Any CPU.Build.0 = Release|Any CPU
		{6B6861FD-F94A-4A5E-925D-DA868A9FE489}.Release|x64.ActiveCfg = Release|Any CPU
		{6B6861FD-F94A-4A5E-925D-DA868A9FE489}.Release|x64.Build.0 = Release|Any CPU
		{6B6861FD-F94A-4A5E-925D-DA868A9FE489}.Release|x86.ActiveCfg = Release|Any CPU
		{6B6861FD-F94A-4A5E-925D-DA868A9FE489}.Release|x86.Build.0 = Release|Any CPU
		{F538FFDA-B36A-4B5E-B97A-7F6CE9626061}.Debug|Any CPU.ActiveCfg = Debug|Any CPU
		{F538FFDA-B36A-4B5E-B97A-7F6CE9626061}.Debug|Any CPU.Build.0 = Debug|Any CPU
		{F538FFDA-B36A-4B5E-B97A-7F6CE9626061}.Debug|x64.ActiveCfg = Debug|Any CPU
		{F538FFDA-B36A-4B5E-B97A-7F6CE9626061}.Debug|x64.Build.0 = Debug|Any CPU
		{F538FFDA-B36A-4B5E-B97A-7F6CE9626061}.Debug|x86.ActiveCfg = Debug|Any CPU
		{F538FFDA-B36A-4B5E-B97A-7F6CE9626061}.Debug|x86.Build.0 = Debug|Any CPU
		{F538FFDA-B36A-4B5E-B97A-7F6CE9626061}.Release|Any CPU.ActiveCfg = Release|Any CPU
		{F538FFDA-B36A-4B5E-B97A-7F6CE9626061}.Release|Any CPU.Build.0 = Release|Any CPU
		{F538FFDA-B36A-4B5E-B97A-7F6CE9626061}.Release|x64.ActiveCfg = Release|Any CPU
		{F538FFDA-B36A-4B5E-B97A-7F6CE9626061}.Release|x64.Build.0 = Release|Any CPU
		{F538FFDA-B36A-4B5E-B97A-7F6CE9626061}.Release|x86.ActiveCfg = Release|Any CPU
		{F538FFDA-B36A-4B5E-B97A-7F6CE9626061}.Release|x86.Build.0 = Release|Any CPU
		{40321F7B-A1A4-448E-87BB-0F79AF724843}.Debug|Any CPU.ActiveCfg = Debug|Any CPU
		{40321F7B-A1A4-448E-87BB-0F79AF724843}.Debug|Any CPU.Build.0 = Debug|Any CPU
		{40321F7B-A1A4-448E-87BB-0F79AF724843}.Debug|x64.ActiveCfg = Debug|Any CPU
		{40321F7B-A1A4-448E-87BB-0F79AF724843}.Debug|x64.Build.0 = Debug|Any CPU
		{40321F7B-A1A4-448E-87BB-0F79AF724843}.Debug|x86.ActiveCfg = Debug|Any CPU
		{40321F7B-A1A4-448E-87BB-0F79AF724843}.Debug|x86.Build.0 = Debug|Any CPU
		{40321F7B-A1A4-448E-87BB-0F79AF724843}.Release|Any CPU.ActiveCfg = Release|Any CPU
		{40321F7B-A1A4-448E-87BB-0F79AF724843}.Release|Any CPU.Build.0 = Release|Any CPU
		{40321F7B-A1A4-448E-87BB-0F79AF724843}.Release|x64.ActiveCfg = Release|Any CPU
		{40321F7B-A1A4-448E-87BB-0F79AF724843}.Release|x64.Build.0 = Release|Any CPU
		{40321F7B-A1A4-448E-87BB-0F79AF724843}.Release|x86.ActiveCfg = Release|Any CPU
		{40321F7B-A1A4-448E-87BB-0F79AF724843}.Release|x86.Build.0 = Release|Any CPU
		{77C0FAFB-183C-4F0B-87E4-8F5D311C42ED}.Debug|Any CPU.ActiveCfg = Debug|Any CPU
		{77C0FAFB-183C-4F0B-87E4-8F5D311C42ED}.Debug|Any CPU.Build.0 = Debug|Any CPU
		{77C0FAFB-183C-4F0B-87E4-8F5D311C42ED}.Debug|x64.ActiveCfg = Debug|Any CPU
		{77C0FAFB-183C-4F0B-87E4-8F5D311C42ED}.Debug|x64.Build.0 = Debug|Any CPU
		{77C0FAFB-183C-4F0B-87E4-8F5D311C42ED}.Debug|x86.ActiveCfg = Debug|Any CPU
		{77C0FAFB-183C-4F0B-87E4-8F5D311C42ED}.Debug|x86.Build.0 = Debug|Any CPU
		{77C0FAFB-183C-4F0B-87E4-8F5D311C42ED}.Release|Any CPU.ActiveCfg = Release|Any CPU
		{77C0FAFB-183C-4F0B-87E4-8F5D311C42ED}.Release|Any CPU.Build.0 = Release|Any CPU
		{77C0FAFB-183C-4F0B-87E4-8F5D311C42ED}.Release|x64.ActiveCfg = Release|Any CPU
		{77C0FAFB-183C-4F0B-87E4-8F5D311C42ED}.Release|x64.Build.0 = Release|Any CPU
		{77C0FAFB-183C-4F0B-87E4-8F5D311C42ED}.Release|x86.ActiveCfg = Release|Any CPU
		{77C0FAFB-183C-4F0B-87E4-8F5D311C42ED}.Release|x86.Build.0 = Release|Any CPU
		{E4B07F0F-3DA0-430D-94C4-02F057B19604}.Debug|Any CPU.ActiveCfg = Debug|Any CPU
		{E4B07F0F-3DA0-430D-94C4-02F057B19604}.Debug|Any CPU.Build.0 = Debug|Any CPU
		{E4B07F0F-3DA0-430D-94C4-02F057B19604}.Debug|x64.ActiveCfg = Debug|Any CPU
		{E4B07F0F-3DA0-430D-94C4-02F057B19604}.Debug|x64.Build.0 = Debug|Any CPU
		{E4B07F0F-3DA0-430D-94C4-02F057B19604}.Debug|x86.ActiveCfg = Debug|Any CPU
		{E4B07F0F-3DA0-430D-94C4-02F057B19604}.Debug|x86.Build.0 = Debug|Any CPU
		{E4B07F0F-3DA0-430D-94C4-02F057B19604}.Release|Any CPU.ActiveCfg = Release|Any CPU
		{E4B07F0F-3DA0-430D-94C4-02F057B19604}.Release|Any CPU.Build.0 = Release|Any CPU
		{E4B07F0F-3DA0-430D-94C4-02F057B19604}.Release|x64.ActiveCfg = Release|Any CPU
		{E4B07F0F-3DA0-430D-94C4-02F057B19604}.Release|x64.Build.0 = Release|Any CPU
		{E4B07F0F-3DA0-430D-94C4-02F057B19604}.Release|x86.ActiveCfg = Release|Any CPU
		{E4B07F0F-3DA0-430D-94C4-02F057B19604}.Release|x86.Build.0 = Release|Any CPU
	EndGlobalSection
	GlobalSection(SolutionProperties) = preSolution
		HideSolutionNode = FALSE
	EndGlobalSection
	GlobalSection(NestedProjects) = preSolution
		{984BB9B3-3FA3-BE33-9484-CAC21695A33C} = {827E0CD3-B72D-47B6-A68D-7590B98EB39B}
		{1BFC9479-12BF-35C3-06B8-42D89D95092B} = {984BB9B3-3FA3-BE33-9484-CAC21695A33C}
		{47E0FA0A-3708-44FE-A3A8-14149887D517} = {1BFC9479-12BF-35C3-06B8-42D89D95092B}
		{A4C190C9-C11B-4325-A4CE-915EDB2A15A8} = {1BFC9479-12BF-35C3-06B8-42D89D95092B}
		{1E218584-9D2A-4921-ABCE-C32E0915651C} = {1BFC9479-12BF-35C3-06B8-42D89D95092B}
		{6DA93C14-24BD-4846-B2C5-BA9A3288C39E} = {1BFC9479-12BF-35C3-06B8-42D89D95092B}
		{6792783D-ADFB-1DC9-8301-92642CD8F804} = {984BB9B3-3FA3-BE33-9484-CAC21695A33C}
		{C6029813-6E2D-40CC-A650-4C452FE45FF5} = {6792783D-ADFB-1DC9-8301-92642CD8F804}
		{3BDB36E2-7E7B-414F-A113-C98331B7C460} = {6792783D-ADFB-1DC9-8301-92642CD8F804}
		{9C08F4C9-6813-4482-B689-75D37590FE48} = {6792783D-ADFB-1DC9-8301-92642CD8F804}
		{85BF0205-3743-4F04-94F6-834D76137F8A} = {6792783D-ADFB-1DC9-8301-92642CD8F804}
		{6C25882A-59EB-B3A1-C586-057E1BC4945C} = {984BB9B3-3FA3-BE33-9484-CAC21695A33C}
		{42B01F0F-1367-40EE-B191-EA827E354162} = {6C25882A-59EB-B3A1-C586-057E1BC4945C}
		{5904C378-B0A4-487D-AB39-F8FB839F20E6} = {6C25882A-59EB-B3A1-C586-057E1BC4945C}
		{26D894F6-8518-4D88-923B-2F6390E2CD68} = {6C25882A-59EB-B3A1-C586-057E1BC4945C}
		{6B6861FD-F94A-4A5E-925D-DA868A9FE489} = {6C25882A-59EB-B3A1-C586-057E1BC4945C}
		{45C3E46E-D928-C0EB-EF77-2FF82DC4AC0B} = {984BB9B3-3FA3-BE33-9484-CAC21695A33C}
		{F538FFDA-B36A-4B5E-B97A-7F6CE9626061} = {45C3E46E-D928-C0EB-EF77-2FF82DC4AC0B}
		{40321F7B-A1A4-448E-87BB-0F79AF724843} = {45C3E46E-D928-C0EB-EF77-2FF82DC4AC0B}
		{77C0FAFB-183C-4F0B-87E4-8F5D311C42ED} = {45C3E46E-D928-C0EB-EF77-2FF82DC4AC0B}
		{E4B07F0F-3DA0-430D-94C4-02F057B19604} = {45C3E46E-D928-C0EB-EF77-2FF82DC4AC0B}
	EndGlobalSection
EndGlobal
